// !$*UTF8*$!
{
	archiveVersion = 1;
	classes = {
	};
	objectVersion = 42;
	objects = {

/* Begin PBXBuildFile section */
		DA13203B1D777B9D00F841B9 /* manta.maxhelp in CopyFiles */ = {isa = PBXBuildFile; fileRef = DA13203A1D777B9500F841B9 /* manta.maxhelp */; };
		DA854A211B30C47E00607844 /* Manta.cpp in Sources */ = {isa = PBXBuildFile; fileRef = DA854A171B30C47E00607844 /* Manta.cpp */; };
		DA854A221B30C47E00607844 /* Manta.cpp in Sources */ = {isa = PBXBuildFile; fileRef = DA854A171B30C47E00607844 /* Manta.cpp */; };
		DA854A231B30C47E00607844 /* Manta.h in Headers */ = {isa = PBXBuildFile; fileRef = DA854A181B30C47E00607844 /* Manta.h */; };
		DA854A241B30C47E00607844 /* MantaClient.h in Headers */ = {isa = PBXBuildFile; fileRef = DA854A191B30C47E00607844 /* MantaClient.h */; };
		DA854A251B30C47E00607844 /* MantaExceptions.h in Headers */ = {isa = PBXBuildFile; fileRef = DA854A1A1B30C47E00607844 /* MantaExceptions.h */; };
		DA854A261B30C47E00607844 /* MantaMulti.cpp in Sources */ = {isa = PBXBuildFile; fileRef = DA854A1B1B30C47E00607844 /* MantaMulti.cpp */; };
		DA854A271B30C47E00607844 /* MantaMulti.cpp in Sources */ = {isa = PBXBuildFile; fileRef = DA854A1B1B30C47E00607844 /* MantaMulti.cpp */; };
		DA854A281B30C47E00607844 /* MantaMulti.h in Headers */ = {isa = PBXBuildFile; fileRef = DA854A1C1B30C47E00607844 /* MantaMulti.h */; };
		DA854A291B30C47E00607844 /* MantaServer.h in Headers */ = {isa = PBXBuildFile; fileRef = DA854A1D1B30C47E00607844 /* MantaServer.h */; };
		DA854A2A1B30C47E00607844 /* MantaUSB.cpp in Sources */ = {isa = PBXBuildFile; fileRef = DA854A1E1B30C47E00607844 /* MantaUSB.cpp */; };
		DA854A2B1B30C47E00607844 /* MantaUSB.cpp in Sources */ = {isa = PBXBuildFile; fileRef = DA854A1E1B30C47E00607844 /* MantaUSB.cpp */; };
		DA854A2C1B30C47E00607844 /* MantaUSB.h in Headers */ = {isa = PBXBuildFile; fileRef = DA854A1F1B30C47E00607844 /* MantaUSB.h */; };
		DA854A2D1B30C47E00607844 /* MantaVersion.h in Headers */ = {isa = PBXBuildFile; fileRef = DA854A201B30C47E00607844 /* MantaVersion.h */; };
		DA854A3C1B30C4B400607844 /* MantaFlext.cpp in Sources */ = {isa = PBXBuildFile; fileRef = DA854A301B30C4B400607844 /* MantaFlext.cpp */; };
		DA854A3D1B30C4B400607844 /* MantaFlext.cpp in Sources */ = {isa = PBXBuildFile; fileRef = DA854A301B30C4B400607844 /* MantaFlext.cpp */; };
		DA854A3E1B30C4B400607844 /* MantaFlext.h in Headers */ = {isa = PBXBuildFile; fileRef = DA854A311B30C4B400607844 /* MantaFlext.h */; };
		DA854A3F1B30C4B400607844 /* MantaFlextCentroid.cpp in Sources */ = {isa = PBXBuildFile; fileRef = DA854A321B30C4B400607844 /* MantaFlextCentroid.cpp */; };
		DA854A401B30C4B400607844 /* MantaFlextCentroid.cpp in Sources */ = {isa = PBXBuildFile; fileRef = DA854A321B30C4B400607844 /* MantaFlextCentroid.cpp */; };
		DA854A411B30C4B400607844 /* MantaFlextCentroid.h in Headers */ = {isa = PBXBuildFile; fileRef = DA854A331B30C4B400607844 /* MantaFlextCentroid.h */; };
		DA854A421B30C4B400607844 /* MantaFlextEvents.cpp in Sources */ = {isa = PBXBuildFile; fileRef = DA854A341B30C4B400607844 /* MantaFlextEvents.cpp */; };
		DA854A431B30C4B400607844 /* MantaFlextEvents.cpp in Sources */ = {isa = PBXBuildFile; fileRef = DA854A341B30C4B400607844 /* MantaFlextEvents.cpp */; };
		DA854A441B30C4B400607844 /* MantaFlextHandlers.cpp in Sources */ = {isa = PBXBuildFile; fileRef = DA854A351B30C4B400607844 /* MantaFlextHandlers.cpp */; };
		DA854A451B30C4B400607844 /* MantaFlextHandlers.cpp in Sources */ = {isa = PBXBuildFile; fileRef = DA854A351B30C4B400607844 /* MantaFlextHandlers.cpp */; };
		DA854A461B30C4B400607844 /* MantaFlextLibrary.cpp in Sources */ = {isa = PBXBuildFile; fileRef = DA854A361B30C4B400607844 /* MantaFlextLibrary.cpp */; };
		DA854A471B30C4B400607844 /* MantaFlextLibrary.cpp in Sources */ = {isa = PBXBuildFile; fileRef = DA854A361B30C4B400607844 /* MantaFlextLibrary.cpp */; };
		DA854A481B30C4B400607844 /* MantaFlextMaximum.cpp in Sources */ = {isa = PBXBuildFile; fileRef = DA854A371B30C4B400607844 /* MantaFlextMaximum.cpp */; };
		DA854A491B30C4B400607844 /* MantaFlextMaximum.cpp in Sources */ = {isa = PBXBuildFile; fileRef = DA854A371B30C4B400607844 /* MantaFlextMaximum.cpp */; };
		DA854A4A1B30C4B400607844 /* MantaFlextMaximum.h in Headers */ = {isa = PBXBuildFile; fileRef = DA854A381B30C4B400607844 /* MantaFlextMaximum.h */; };
		DA854A4B1B30C4B400607844 /* MantaFlextPoly.cpp in Sources */ = {isa = PBXBuildFile; fileRef = DA854A391B30C4B400607844 /* MantaFlextPoly.cpp */; };
		DA854A4C1B30C4B400607844 /* MantaFlextPoly.cpp in Sources */ = {isa = PBXBuildFile; fileRef = DA854A391B30C4B400607844 /* MantaFlextPoly.cpp */; };
		DA854A4D1B30C4B400607844 /* MantaFlextPoly.h in Headers */ = {isa = PBXBuildFile; fileRef = DA854A3A1B30C4B400607844 /* MantaFlextPoly.h */; };
		DA854A4E1B30C4B400607844 /* MantaFlextVersion.h in Headers */ = {isa = PBXBuildFile; fileRef = DA854A3B1B30C4B400607844 /* MantaFlextVersion.h */; };
		DA854A511B30C4F500607844 /* hid.c in Sources */ = {isa = PBXBuildFile; fileRef = DA854A501B30C4F500607844 /* hid.c */; };
		DA854A521B30C4F500607844 /* hid.c in Sources */ = {isa = PBXBuildFile; fileRef = DA854A501B30C4F500607844 /* hid.c */; };
		DA854A551B30D07D00607844 /* Accelerate.framework in Frameworks */ = {isa = PBXBuildFile; fileRef = DA854A541B30D07D00607844 /* Accelerate.framework */; };
		DA854A561B30D07D00607844 /* Accelerate.framework in Frameworks */ = {isa = PBXBuildFile; fileRef = DA854A541B30D07D00607844 /* Accelerate.framework */; };
		DA854A581B30D30F00607844 /* CoreFoundation.framework in Frameworks */ = {isa = PBXBuildFile; fileRef = DA854A571B30D30F00607844 /* CoreFoundation.framework */; };
		DA854A591B30D30F00607844 /* CoreFoundation.framework in Frameworks */ = {isa = PBXBuildFile; fileRef = DA854A571B30D30F00607844 /* CoreFoundation.framework */; };
		DA854A5B1B30D31D00607844 /* IOKit.framework in Frameworks */ = {isa = PBXBuildFile; fileRef = DA854A5A1B30D31D00607844 /* IOKit.framework */; };
		DA854A5C1B30D31D00607844 /* IOKit.framework in Frameworks */ = {isa = PBXBuildFile; fileRef = DA854A5A1B30D31D00607844 /* IOKit.framework */; };
		DA854A5F1B30D5E100607844 /* manta.mxo in CopyFiles */ = {isa = PBXBuildFile; fileRef = E9974E53077083C700206F68 /* manta.mxo */; };
		E9974E5B0770851500206F68 /* MaxAPI.framework in Frameworks */ = {isa = PBXBuildFile; fileRef = E9974DFA0770750400206F68 /* MaxAPI.framework */; };
		E9974E5C0770851700206F68 /* MaxAudioAPI.framework in Frameworks */ = {isa = PBXBuildFile; fileRef = E9974DFB0770750400206F68 /* MaxAudioAPI.framework */; };
/* End PBXBuildFile section */

/* Begin PBXCopyFilesBuildPhase section */
		E9974EC207708C9300206F68 /* CopyFiles */ = {
			isa = PBXCopyFilesBuildPhase;
			buildActionMask = 12;
			dstPath = "~/Documents/Max 7/Library";
			dstSubfolderSpec = 0;
			files = (
				DA854A5F1B30D5E100607844 /* manta.mxo in CopyFiles */,
				DA13203B1D777B9D00F841B9 /* manta.maxhelp in CopyFiles */,
			);
			runOnlyForDeploymentPostprocessing = 0;
		};
/* End PBXCopyFilesBuildPhase section */

/* Begin PBXFileReference section */
		D2AAC09D05546B4700DB518D /* manta.pd_darwin */ = {isa = PBXFileReference; explicitFileType = "compiled.mach-o.dylib"; includeInIndex = 0; path = manta.pd_darwin; sourceTree = BUILT_PRODUCTS_DIR; };
		DA13203A1D777B9500F841B9 /* manta.maxhelp */ = {isa = PBXFileReference; fileEncoding = 4; lastKnownFileType = text; path = manta.maxhelp; sourceTree = "<group>"; };
		DA854A171B30C47E00607844 /* Manta.cpp */ = {isa = PBXFileReference; fileEncoding = 4; lastKnownFileType = sourcecode.cpp.cpp; name = Manta.cpp; path = ../core/Manta.cpp; sourceTree = "<group>"; };
		DA854A181B30C47E00607844 /* Manta.h */ = {isa = PBXFileReference; fileEncoding = 4; lastKnownFileType = sourcecode.c.h; name = Manta.h; path = ../core/Manta.h; sourceTree = "<group>"; };
		DA854A191B30C47E00607844 /* MantaClient.h */ = {isa = PBXFileReference; fileEncoding = 4; lastKnownFileType = sourcecode.c.h; name = MantaClient.h; path = ../core/MantaClient.h; sourceTree = "<group>"; };
		DA854A1A1B30C47E00607844 /* MantaExceptions.h */ = {isa = PBXFileReference; fileEncoding = 4; lastKnownFileType = sourcecode.c.h; name = MantaExceptions.h; path = ../core/MantaExceptions.h; sourceTree = "<group>"; };
		DA854A1B1B30C47E00607844 /* MantaMulti.cpp */ = {isa = PBXFileReference; fileEncoding = 4; lastKnownFileType = sourcecode.cpp.cpp; name = MantaMulti.cpp; path = ../core/MantaMulti.cpp; sourceTree = "<group>"; };
		DA854A1C1B30C47E00607844 /* MantaMulti.h */ = {isa = PBXFileReference; fileEncoding = 4; lastKnownFileType = sourcecode.c.h; name = MantaMulti.h; path = ../core/MantaMulti.h; sourceTree = "<group>"; };
		DA854A1D1B30C47E00607844 /* MantaServer.h */ = {isa = PBXFileReference; fileEncoding = 4; lastKnownFileType = sourcecode.c.h; name = MantaServer.h; path = ../core/MantaServer.h; sourceTree = "<group>"; };
		DA854A1E1B30C47E00607844 /* MantaUSB.cpp */ = {isa = PBXFileReference; fileEncoding = 4; lastKnownFileType = sourcecode.cpp.cpp; name = MantaUSB.cpp; path = ../core/MantaUSB.cpp; sourceTree = "<group>"; };
		DA854A1F1B30C47E00607844 /* MantaUSB.h */ = {isa = PBXFileReference; fileEncoding = 4; lastKnownFileType = sourcecode.c.h; name = MantaUSB.h; path = ../core/MantaUSB.h; sourceTree = "<group>"; };
		DA854A201B30C47E00607844 /* MantaVersion.h */ = {isa = PBXFileReference; fileEncoding = 4; lastKnownFileType = sourcecode.c.h; name = MantaVersion.h; path = ../core/MantaVersion.h; sourceTree = "<group>"; };
		DA854A301B30C4B400607844 /* MantaFlext.cpp */ = {isa = PBXFileReference; fileEncoding = 4; lastKnownFileType = sourcecode.cpp.cpp; path = MantaFlext.cpp; sourceTree = "<group>"; };
		DA854A311B30C4B400607844 /* MantaFlext.h */ = {isa = PBXFileReference; fileEncoding = 4; lastKnownFileType = sourcecode.c.h; path = MantaFlext.h; sourceTree = "<group>"; };
		DA854A321B30C4B400607844 /* MantaFlextCentroid.cpp */ = {isa = PBXFileReference; fileEncoding = 4; lastKnownFileType = sourcecode.cpp.cpp; path = MantaFlextCentroid.cpp; sourceTree = "<group>"; };
		DA854A331B30C4B400607844 /* MantaFlextCentroid.h */ = {isa = PBXFileReference; fileEncoding = 4; lastKnownFileType = sourcecode.c.h; path = MantaFlextCentroid.h; sourceTree = "<group>"; };
		DA854A341B30C4B400607844 /* MantaFlextEvents.cpp */ = {isa = PBXFileReference; fileEncoding = 4; lastKnownFileType = sourcecode.cpp.cpp; path = MantaFlextEvents.cpp; sourceTree = "<group>"; };
		DA854A351B30C4B400607844 /* MantaFlextHandlers.cpp */ = {isa = PBXFileReference; fileEncoding = 4; lastKnownFileType = sourcecode.cpp.cpp; path = MantaFlextHandlers.cpp; sourceTree = "<group>"; };
		DA854A361B30C4B400607844 /* MantaFlextLibrary.cpp */ = {isa = PBXFileReference; fileEncoding = 4; lastKnownFileType = sourcecode.cpp.cpp; path = MantaFlextLibrary.cpp; sourceTree = "<group>"; };
		DA854A371B30C4B400607844 /* MantaFlextMaximum.cpp */ = {isa = PBXFileReference; fileEncoding = 4; lastKnownFileType = sourcecode.cpp.cpp; path = MantaFlextMaximum.cpp; sourceTree = "<group>"; };
		DA854A381B30C4B400607844 /* MantaFlextMaximum.h */ = {isa = PBXFileReference; fileEncoding = 4; lastKnownFileType = sourcecode.c.h; path = MantaFlextMaximum.h; sourceTree = "<group>"; };
		DA854A391B30C4B400607844 /* MantaFlextPoly.cpp */ = {isa = PBXFileReference; fileEncoding = 4; lastKnownFileType = sourcecode.cpp.cpp; path = MantaFlextPoly.cpp; sourceTree = "<group>"; };
		DA854A3A1B30C4B400607844 /* MantaFlextPoly.h */ = {isa = PBXFileReference; fileEncoding = 4; lastKnownFileType = sourcecode.c.h; path = MantaFlextPoly.h; sourceTree = "<group>"; };
		DA854A3B1B30C4B400607844 /* MantaFlextVersion.h */ = {isa = PBXFileReference; fileEncoding = 4; lastKnownFileType = sourcecode.c.h; path = MantaFlextVersion.h; sourceTree = "<group>"; };
		DA854A501B30C4F500607844 /* hid.c */ = {isa = PBXFileReference; fileEncoding = 4; lastKnownFileType = sourcecode.c.c; name = hid.c; path = ../core/extern/hidapi/mac/hid.c; sourceTree = "<group>"; };
		DA854A541B30D07D00607844 /* Accelerate.framework */ = {isa = PBXFileReference; lastKnownFileType = wrapper.framework; name = Accelerate.framework; path = ../../../../../../../System/Library/Frameworks/Accelerate.framework; sourceTree = "<group>"; };
		DA854A571B30D30F00607844 /* CoreFoundation.framework */ = {isa = PBXFileReference; lastKnownFileType = wrapper.framework; name = CoreFoundation.framework; path = ../../../../../../../System/Library/Frameworks/CoreFoundation.framework; sourceTree = "<group>"; };
		DA854A5A1B30D31D00607844 /* IOKit.framework */ = {isa = PBXFileReference; lastKnownFileType = wrapper.framework; name = IOKit.framework; path = ../../../../../../../System/Library/Frameworks/IOKit.framework; sourceTree = "<group>"; };
		DA854A5D1B30D48B00607844 /* libstdc++.dylib */ = {isa = PBXFileReference; lastKnownFileType = "compiled.mach-o.dylib"; name = "libstdc++.dylib"; path = "usr/lib/libstdc++.dylib"; sourceTree = SDKROOT; };
		E9974DFA0770750400206F68 /* MaxAPI.framework */ = {isa = PBXFileReference; lastKnownFileType = wrapper.framework; name = MaxAPI.framework; path = /Library/Frameworks/MaxAPI.framework; sourceTree = "<absolute>"; };
		E9974DFB0770750400206F68 /* MaxAudioAPI.framework */ = {isa = PBXFileReference; lastKnownFileType = wrapper.framework; name = MaxAudioAPI.framework; path = /Library/Frameworks/MaxAudioAPI.framework; sourceTree = "<absolute>"; };
		E9974E53077083C700206F68 /* manta.mxo */ = {isa = PBXFileReference; explicitFileType = wrapper.cfbundle; includeInIndex = 0; path = manta.mxo; sourceTree = BUILT_PRODUCTS_DIR; };
/* End PBXFileReference section */

/* Begin PBXFrameworksBuildPhase section */
		D2AAC09B05546B4700DB518D /* Frameworks */ = {
			isa = PBXFrameworksBuildPhase;
			buildActionMask = 2147483647;
			files = (
				DA854A581B30D30F00607844 /* CoreFoundation.framework in Frameworks */,
				DA854A551B30D07D00607844 /* Accelerate.framework in Frameworks */,
				DA854A5B1B30D31D00607844 /* IOKit.framework in Frameworks */,
			);
			runOnlyForDeploymentPostprocessing = 0;
		};
		E9974E51077083C700206F68 /* Frameworks */ = {
			isa = PBXFrameworksBuildPhase;
			buildActionMask = 2147483647;
			files = (
				DA854A591B30D30F00607844 /* CoreFoundation.framework in Frameworks */,
				DA854A561B30D07D00607844 /* Accelerate.framework in Frameworks */,
				E9974E5C0770851700206F68 /* MaxAudioAPI.framework in Frameworks */,
				DA854A5C1B30D31D00607844 /* IOKit.framework in Frameworks */,
				E9974E5B0770851500206F68 /* MaxAPI.framework in Frameworks */,
			);
			runOnlyForDeploymentPostprocessing = 0;
		};
/* End PBXFrameworksBuildPhase section */

/* Begin PBXGroup section */
		034768DDFF38A45A11DB9C8B /* Products */ = {
			isa = PBXGroup;
			children = (
				D2AAC09D05546B4700DB518D /* manta.pd_darwin */,
				E9974E53077083C700206F68 /* manta.mxo */,
			);
			name = Products;
			sourceTree = "<group>";
		};
		0867D691FE84028FC02AAC07 /* xsample */ = {
			isa = PBXGroup;
			children = (
				DA13203A1D777B9500F841B9 /* manta.maxhelp */,
				DA854A5D1B30D48B00607844 /* libstdc++.dylib */,
				08FB77ACFE841707C02AAC07 /* Source */,
				0867D69AFE84028FC02AAC07 /* External Frameworks and Libraries */,
				034768DDFF38A45A11DB9C8B /* Products */,
			);
			name = xsample;
			sourceTree = "<group>";
		};
		0867D69AFE84028FC02AAC07 /* External Frameworks and Libraries */ = {
			isa = PBXGroup;
			children = (
				DA854A5A1B30D31D00607844 /* IOKit.framework */,
				DA854A571B30D30F00607844 /* CoreFoundation.framework */,
				DA854A541B30D07D00607844 /* Accelerate.framework */,
				E9974DFA0770750400206F68 /* MaxAPI.framework */,
				E9974DFB0770750400206F68 /* MaxAudioAPI.framework */,
			);
			name = "External Frameworks and Libraries";
			sourceTree = "<group>";
		};
		08FB77ACFE841707C02AAC07 /* Source */ = {
			isa = PBXGroup;
			children = (
				DA854A531B30C5B700607844 /* flext */,
				DA854A4F1B30C4C300607844 /* hidapi */,
				DA854A2F1B30C49B00607844 /* MantaFlext */,
				DA854A2E1B30C48C00607844 /* core */,
			);
			name = Source;
			sourceTree = "<group>";
		};
		DA854A2E1B30C48C00607844 /* core */ = {
			isa = PBXGroup;
			children = (
				DA854A171B30C47E00607844 /* Manta.cpp */,
				DA854A181B30C47E00607844 /* Manta.h */,
				DA854A191B30C47E00607844 /* MantaClient.h */,
				DA854A1A1B30C47E00607844 /* MantaExceptions.h */,
				DA854A1B1B30C47E00607844 /* MantaMulti.cpp */,
				DA854A1C1B30C47E00607844 /* MantaMulti.h */,
				DA854A1D1B30C47E00607844 /* MantaServer.h */,
				DA854A1E1B30C47E00607844 /* MantaUSB.cpp */,
				DA854A1F1B30C47E00607844 /* MantaUSB.h */,
				DA854A201B30C47E00607844 /* MantaVersion.h */,
			);
			name = core;
			sourceTree = "<group>";
		};
		DA854A2F1B30C49B00607844 /* MantaFlext */ = {
			isa = PBXGroup;
			children = (
				DA854A301B30C4B400607844 /* MantaFlext.cpp */,
				DA854A311B30C4B400607844 /* MantaFlext.h */,
				DA854A321B30C4B400607844 /* MantaFlextCentroid.cpp */,
				DA854A331B30C4B400607844 /* MantaFlextCentroid.h */,
				DA854A341B30C4B400607844 /* MantaFlextEvents.cpp */,
				DA854A351B30C4B400607844 /* MantaFlextHandlers.cpp */,
				DA854A361B30C4B400607844 /* MantaFlextLibrary.cpp */,
				DA854A371B30C4B400607844 /* MantaFlextMaximum.cpp */,
				DA854A381B30C4B400607844 /* MantaFlextMaximum.h */,
				DA854A391B30C4B400607844 /* MantaFlextPoly.cpp */,
				DA854A3A1B30C4B400607844 /* MantaFlextPoly.h */,
				DA854A3B1B30C4B400607844 /* MantaFlextVersion.h */,
			);
			name = MantaFlext;
			sourceTree = "<group>";
		};
		DA854A4F1B30C4C300607844 /* hidapi */ = {
			isa = PBXGroup;
			children = (
				DA854A501B30C4F500607844 /* hid.c */,
			);
			name = hidapi;
			sourceTree = "<group>";
		};
		DA854A531B30C5B700607844 /* flext */ = {
			isa = PBXGroup;
			children = (
			);
			name = flext;
			sourceTree = "<group>";
		};
/* End PBXGroup section */

/* Begin PBXHeadersBuildPhase section */
		D2AAC09905546B4700DB518D /* Headers */ = {
			isa = PBXHeadersBuildPhase;
			buildActionMask = 2147483647;
			files = (
				DA854A4D1B30C4B400607844 /* MantaFlextPoly.h in Headers */,
				DA854A231B30C47E00607844 /* Manta.h in Headers */,
				DA854A251B30C47E00607844 /* MantaExceptions.h in Headers */,
				DA854A4E1B30C4B400607844 /* MantaFlextVersion.h in Headers */,
				DA854A281B30C47E00607844 /* MantaMulti.h in Headers */,
				DA854A4A1B30C4B400607844 /* MantaFlextMaximum.h in Headers */,
				DA854A2C1B30C47E00607844 /* MantaUSB.h in Headers */,
				DA854A241B30C47E00607844 /* MantaClient.h in Headers */,
				DA854A291B30C47E00607844 /* MantaServer.h in Headers */,
				DA854A3E1B30C4B400607844 /* MantaFlext.h in Headers */,
				DA854A411B30C4B400607844 /* MantaFlextCentroid.h in Headers */,
				DA854A2D1B30C47E00607844 /* MantaVersion.h in Headers */,
			);
			runOnlyForDeploymentPostprocessing = 0;
		};
/* End PBXHeadersBuildPhase section */

/* Begin PBXNativeTarget section */
		D2AAC09C05546B4700DB518D /* pd static */ = {
			isa = PBXNativeTarget;
			buildConfigurationList = E9A5BC8A0A33819900AD9F03 /* Build configuration list for PBXNativeTarget "pd static" */;
			buildPhases = (
				D2AAC09905546B4700DB518D /* Headers */,
				D2AAC09B05546B4700DB518D /* Frameworks */,
				D2AAC09A05546B4700DB518D /* Sources */,
			);
			buildRules = (
			);
			dependencies = (
			);
			name = "pd static";
			productName = xsample;
			productReference = D2AAC09D05546B4700DB518D /* manta.pd_darwin */;
			productType = "com.apple.product-type.library.dynamic";
		};
		E9974E52077083C700206F68 /* max static */ = {
			isa = PBXNativeTarget;
			buildConfigurationList = E9A5BC8E0A33819900AD9F03 /* Build configuration list for PBXNativeTarget "max static" */;
			buildPhases = (
				E9974E4F077083C700206F68 /* Resources */,
				E9974E50077083C700206F68 /* Sources */,
				E9974E51077083C700206F68 /* Frameworks */,
				E9974EC207708C9300206F68 /* CopyFiles */,
			);
			buildRules = (
			);
			dependencies = (
			);
			name = "max static";
			productName = "Max xsample static";
			productReference = E9974E53077083C700206F68 /* manta.mxo */;
			productType = "com.apple.product-type.bundle";
		};
/* End PBXNativeTarget section */

/* Begin PBXProject section */
		0867D690FE84028FC02AAC07 /* Project object */ = {
			isa = PBXProject;
			attributes = {
				LastUpgradeCheck = 0610;
			};
			buildConfigurationList = E9A5BC920A33819900AD9F03 /* Build configuration list for PBXProject "manta" */;
			compatibilityVersion = "Xcode 2.4";
			developmentRegion = English;
			hasScannedForEncodings = 1;
			knownRegions = (
				en,
			);
			mainGroup = 0867D691FE84028FC02AAC07 /* xsample */;
			productRefGroup = 034768DDFF38A45A11DB9C8B /* Products */;
			projectDirPath = "";
			projectRoot = "";
			targets = (
				D2AAC09C05546B4700DB518D /* pd static */,
				E9974E52077083C700206F68 /* max static */,
			);
		};
/* End PBXProject section */

/* Begin PBXResourcesBuildPhase section */
		E9974E4F077083C700206F68 /* Resources */ = {
			isa = PBXResourcesBuildPhase;
			buildActionMask = 2147483647;
			files = (
			);
			runOnlyForDeploymentPostprocessing = 0;
		};
/* End PBXResourcesBuildPhase section */

/* Begin PBXSourcesBuildPhase section */
		D2AAC09A05546B4700DB518D /* Sources */ = {
			isa = PBXSourcesBuildPhase;
			buildActionMask = 2147483647;
			files = (
				DA854A511B30C4F500607844 /* hid.c in Sources */,
				DA854A421B30C4B400607844 /* MantaFlextEvents.cpp in Sources */,
				DA854A211B30C47E00607844 /* Manta.cpp in Sources */,
				DA854A481B30C4B400607844 /* MantaFlextMaximum.cpp in Sources */,
				DA854A4B1B30C4B400607844 /* MantaFlextPoly.cpp in Sources */,
				DA854A441B30C4B400607844 /* MantaFlextHandlers.cpp in Sources */,
				DA854A2A1B30C47E00607844 /* MantaUSB.cpp in Sources */,
				DA854A261B30C47E00607844 /* MantaMulti.cpp in Sources */,
				DA854A3C1B30C4B400607844 /* MantaFlext.cpp in Sources */,
				DA854A3F1B30C4B400607844 /* MantaFlextCentroid.cpp in Sources */,
				DA854A461B30C4B400607844 /* MantaFlextLibrary.cpp in Sources */,
			);
			runOnlyForDeploymentPostprocessing = 0;
		};
		E9974E50077083C700206F68 /* Sources */ = {
			isa = PBXSourcesBuildPhase;
			buildActionMask = 2147483647;
			files = (
				DA854A521B30C4F500607844 /* hid.c in Sources */,
				DA854A431B30C4B400607844 /* MantaFlextEvents.cpp in Sources */,
				DA854A221B30C47E00607844 /* Manta.cpp in Sources */,
				DA854A491B30C4B400607844 /* MantaFlextMaximum.cpp in Sources */,
				DA854A4C1B30C4B400607844 /* MantaFlextPoly.cpp in Sources */,
				DA854A451B30C4B400607844 /* MantaFlextHandlers.cpp in Sources */,
				DA854A2B1B30C47E00607844 /* MantaUSB.cpp in Sources */,
				DA854A271B30C47E00607844 /* MantaMulti.cpp in Sources */,
				DA854A3D1B30C4B400607844 /* MantaFlext.cpp in Sources */,
				DA854A401B30C4B400607844 /* MantaFlextCentroid.cpp in Sources */,
				DA854A471B30C4B400607844 /* MantaFlextLibrary.cpp in Sources */,
			);
			runOnlyForDeploymentPostprocessing = 0;
		};
/* End PBXSourcesBuildPhase section */

/* Begin XCBuildConfiguration section */
		E9A5BC8B0A33819900AD9F03 /* Development */ = {
			isa = XCBuildConfiguration;
			buildSettings = {
				COPY_PHASE_STRIP = NO;
				DEBUGGING_SYMBOLS = YES;
				DYLIB_COMPATIBILITY_VERSION = 1;
				DYLIB_CURRENT_VERSION = 1;
				EXECUTABLE_EXTENSION = pd_darwin;
				GCC_OPTIMIZATION_LEVEL = 0;
				GCC_PREPROCESSOR_DEFINITIONS = (
					"$(inherited)",
					"FLEXT_SYS=2",
				);
				HEADER_SEARCH_PATHS = (
					"$(PD-devel)/src",
					/usr/local/include/flext,
				);
				INSTALL_PATH = "$(PD)/extra";
				LIBRARY_SEARCH_PATHS = "";
				LIBRARY_STYLE = BUNDLE;
				MACH_O_TYPE = mh_dylib;
				MACOSX_DEPLOYMENT_TARGET = 10.3;
				OTHER_LDFLAGS = (
					"-lflext-pd_sd",
					"-undefined",
					dynamic_lookup,
				);
				ZERO_LINK = YES;
			};
			name = Development;
		};
		E9A5BC8C0A33819900AD9F03 /* Deployment */ = {
			isa = XCBuildConfiguration;
			buildSettings = {
				COPY_PHASE_STRIP = YES;
				DYLIB_COMPATIBILITY_VERSION = 1;
				DYLIB_CURRENT_VERSION = 1;
				EXECUTABLE_EXTENSION = pd_darwin;
				GCC_PREPROCESSOR_DEFINITIONS = (
					"$(inherited)",
					"FLEXT_SYS=2",
				);
				HEADER_SEARCH_PATHS = (
					"$(PD)/src",
					"$(flext)/source",
				);
				INSTALL_PATH = "$(PD)/extra";
				LIBRARY_SEARCH_PATHS = "$(flext)/build";
				LIBRARY_STYLE = BUNDLE;
				MACH_O_TYPE = mh_dylib;
				MACOSX_DEPLOYMENT_TARGET = 10.3;
				OTHER_LDFLAGS = (
					"-lflext-pd_s",
					"-undefined",
					dynamic_lookup,
				);
				ZERO_LINK = NO;
			};
			name = Deployment;
		};
		E9A5BC8D0A33819900AD9F03 /* Default */ = {
			isa = XCBuildConfiguration;
			buildSettings = {
				DYLIB_COMPATIBILITY_VERSION = 1;
				DYLIB_CURRENT_VERSION = 1;
				EXECUTABLE_EXTENSION = pd_darwin;
				GCC_GENERATE_DEBUGGING_SYMBOLS = NO;
				GCC_INPUT_FILETYPE = sourcecode.cpp.cpp;
				GCC_PREPROCESSOR_DEFINITIONS = "FLEXT_SYS=2";
				HEADER_SEARCH_PATHS = (
					"$(PDApp)/src",
					"$(flext)/source",
				);
				INSTALL_PATH = "$(PD)/extra";
				LIBRARY_SEARCH_PATHS = "$(flext)/build";
				LIBRARY_STYLE = BUNDLE;
				MACH_O_TYPE = mh_bundle;
				OTHER_LDFLAGS = (
					"-bundle_loader",
					"$(PDApp)/bin/pd",
				);
				PRODUCT_NAME = xsample;
			};
			name = Default;
		};
		E9A5BC8F0A33819900AD9F03 /* Development */ = {
			isa = XCBuildConfiguration;
			buildSettings = {
				ARCHS = "$(ARCHS_STANDARD_32_64_BIT)";
				CLANG_CXX_LIBRARY = "libstdc++";
				COPY_PHASE_STRIP = NO;
				DEBUGGING_SYMBOLS = YES;
				FRAMEWORK_SEARCH_PATHS = "$(maxsdk)/**";
				GCC_OPTIMIZATION_LEVEL = 0;
				GCC_PREPROCESSOR_DEFINITIONS = (
					"$(inherited)",
					"FLEXT_SYS=1",
				);
				GENERATE_PKGINFO_FILE = YES;
				HEADER_SEARCH_PATHS = (
					"$(maxsdk)/max-includes",
					"$(maxsdk)/msp-includes",
					"$(flext)/source",
					../core/extern/hidapi/hidapi,
				);
				INFOPLIST_FILE = Info.plist;
				INFOPLIST_PREPROCESS = YES;
				INSTALL_PATH = "/Library/Application Support/Cycling 74/externals/flext";
				LIBRARY_SEARCH_PATHS = (
					"$(flext)/build",
					/usr/local/lib,
				);
				LIBRARY_STYLE = DYNAMIC;
				OTHER_LDFLAGS = "-lflext-max_sd";
				OTHER_REZFLAGS = "";
				SECTORDER_FLAGS = "";
				VALID_ARCHS = "x86_64 i386";
				WARNING_CFLAGS = (
					"-Wmost",
					"-Wno-four-char-constants",
					"-Wno-unknown-pragmas",
				);
				WRAPPER_EXTENSION = mxo;
				ZERO_LINK = YES;
				maxsdk = "/usr/local/src/max-sdk-7.1.0/source/c74support";
			};
			name = Development;
		};
		E9A5BC900A33819900AD9F03 /* Deployment */ = {
			isa = XCBuildConfiguration;
			buildSettings = {
				ARCHS = "$(ARCHS_STANDARD_32_64_BIT)";
				CLANG_CXX_LIBRARY = "libstdc++";
				COPY_PHASE_STRIP = YES;
				FRAMEWORK_SEARCH_PATHS = "$(maxsdk)/**";
				GCC_PREPROCESSOR_DEFINITIONS = (
					"$(inherited)",
					"FLEXT_SYS=1",
				);
				GENERATE_PKGINFO_FILE = YES;
				HEADER_SEARCH_PATHS = (
					"$(maxsdk)/max-includes",
					"$(maxsdk)/msp-includes",
					"$(flext)/source",
					../core/extern/hidapi/hidapi,
				);
				INFOPLIST_FILE = Info.plist;
				INFOPLIST_PREPROCESS = YES;
				INSTALL_PATH = "/Library/Application Support/Cycling 74/externals/flext";
				LIBRARY_SEARCH_PATHS = (
					"$(flext)/build",
					/usr/local/lib,
				);
				LIBRARY_STYLE = DYNAMIC;
				OTHER_LDFLAGS = "-lflext-max_s";
				OTHER_REZFLAGS = "";
				SECTORDER_FLAGS = "";
				VALID_ARCHS = "x86_64 i386";
				WARNING_CFLAGS = (
					"-Wmost",
					"-Wno-four-char-constants",
					"-Wno-unknown-pragmas",
				);
				WRAPPER_EXTENSION = mxo;
				ZERO_LINK = NO;
				maxsdk = "/usr/local/src/max-sdk-7.1.0/source/c74support";
			};
			name = Deployment;
		};
		E9A5BC910A33819900AD9F03 /* Default */ = {
			isa = XCBuildConfiguration;
			buildSettings = {
				ARCHS = "$(ARCHS_STANDARD_32_64_BIT)";
				CLANG_CXX_LIBRARY = "libstdc++";
				FRAMEWORK_SEARCH_PATHS = "$(maxsdk)/**";
				GCC_PREPROCESSOR_DEFINITIONS = "FLEXT_SYS=1";
				GENERATE_PKGINFO_FILE = YES;
				HEADER_SEARCH_PATHS = (
					"$(maxsdk)/max-includes",
					"$(maxsdk)/msp-includes",
					"$(flext)/source",
					../core/extern/hidapi/hidapi,
				);
				INFOPLIST_FILE = "source/xsample-Info.plist";
				INSTALL_PATH = "/Library/Application Support/Cycling 74/externals/flext";
				LIBRARY_SEARCH_PATHS = (
					"$(flext)/build",
					/usr/local/lib,
				);
				LIBRARY_STYLE = DYNAMIC;
				OTHER_CFLAGS = "";
				OTHER_LDFLAGS = "";
				OTHER_REZFLAGS = "";
				PRODUCT_NAME = manta;
				SECTORDER_FLAGS = "";
				VALID_ARCHS = "x86_64 i386";
				WARNING_CFLAGS = (
					"-Wmost",
					"-Wno-four-char-constants",
					"-Wno-unknown-pragmas",
				);
				WRAPPER_EXTENSION = mxo;
				maxsdk = "/usr/local/src/max-sdk-7.1.0/source/c74support";
			};
			name = Default;
		};
		E9A5BC930A33819900AD9F03 /* Development */ = {
			isa = XCBuildConfiguration;
			buildSettings = {
				GCC_ALTIVEC_EXTENSIONS = YES;
				GCC_ENABLE_FIX_AND_CONTINUE = YES;
				GCC_OPTIMIZATION_LEVEL = 0;
				GCC_PREPROCESSOR_DEFINITIONS = (
					_DEBUG,
					FLEXT_USESIMD,
				);
				OTHER_LDFLAGS = "";
				PRODUCT_NAME = "$(PROJECT_NAME)";
				flext = extern/flext;
			};
			name = Development;
		};
		E9A5BC940A33819900AD9F03 /* Deployment */ = {
			isa = XCBuildConfiguration;
			buildSettings = {
				GCC_ALTIVEC_EXTENSIONS = YES;
				GCC_ENABLE_SSE3_EXTENSIONS = YES;
				GCC_GENERATE_DEBUGGING_SYMBOLS = YES;
				GCC_PREPROCESSOR_DEFINITIONS = (
					NDEBUG,
					FLEXT_USESIMD,
				);
				GCC_STRICT_ALIASING = YES;
				OTHER_LDFLAGS = "";
				PRODUCT_NAME = "$(PROJECT_NAME)";
				flext = extern/flext;
			};
			name = Deployment;
		};
		E9A5BC950A33819900AD9F03 /* Default */ = {
			isa = XCBuildConfiguration;
			buildSettings = {
				OTHER_LDFLAGS = "";
				flext = extern/flext;
			};
			name = Default;
		};
/* End XCBuildConfiguration section */

/* Begin XCConfigurationList section */
		E9A5BC8A0A33819900AD9F03 /* Build configuration list for PBXNativeTarget "pd static" */ = {
			isa = XCConfigurationList;
			buildConfigurations = (
				E9A5BC8B0A33819900AD9F03 /* Development */,
				E9A5BC8C0A33819900AD9F03 /* Deployment */,
				E9A5BC8D0A33819900AD9F03 /* Default */,
			);
			defaultConfigurationIsVisible = 0;
			defaultConfigurationName = Default;
		};
		E9A5BC8E0A33819900AD9F03 /* Build configuration list for PBXNativeTarget "max static" */ = {
			isa = XCConfigurationList;
			buildConfigurations = (
				E9A5BC8F0A33819900AD9F03 /* Development */,
				E9A5BC900A33819900AD9F03 /* Deployment */,
				E9A5BC910A33819900AD9F03 /* Default */,
			);
			defaultConfigurationIsVisible = 0;
			defaultConfigurationName = Default;
		};
		E9A5BC920A33819900AD9F03 /* Build configuration list for PBXProject "manta" */ = {
			isa = XCConfigurationList;
			buildConfigurations = (
				E9A5BC930A33819900AD9F03 /* Development */,
				E9A5BC940A33819900AD9F03 /* Deployment */,
				E9A5BC950A33819900AD9F03 /* Default */,
			);
			defaultConfigurationIsVisible = 0;
			defaultConfigurationName = Default;
		};
/* End XCConfigurationList section */
	};
	rootObject = 0867D690FE84028FC02AAC07 /* Project object */;
}
